
Microsoft Visual Studio Solution File, Format Version 12.00
# Visual Studio Version 16
VisualStudioVersion = 16.0.32407.337
MinimumVisualStudioVersion = 10.0.40219.1
Project("{9A19103F-16F7-4668-BE54-9A1E7A4F7556}") = "WebAppCQRS", "WebAppCQRS\WebAppCQRS.csproj", "{6C4E4346-2FDE-4311-A583-6A1B5FBC6097}"
EndProject
Project("{2150E333-8FDC-42A3-9474-1A3956D46DE8}") = "Read", "Read", "{F5DB2911-1976-4507-B89E-CC79F9BB83E6}"
EndProject
Project("{2150E333-8FDC-42A3-9474-1A3956D46DE8}") = "Write", "Write", "{C6111912-E4C0-435F-865A-5BDF4F42B8FC}"
EndProject
Project("{9A19103F-16F7-4668-BE54-9A1E7A4F7556}") = "CQRS_read_Infrastructure", "CQRS_read_Infrastructure\CQRS_read_Infrastructure.csproj", "{C8089B7A-9274-4BE5-B19F-6984B39525C7}"
EndProject
Project("{9A19103F-16F7-4668-BE54-9A1E7A4F7556}") = "CQRS_read_Application", "CQRS_read_Application\CQRS_read_Application.csproj", "{FBC47B5D-E3FE-4EEC-9D4D-B061E0FFC006}"
EndProject
Project("{FAE04EC0-301F-11D3-BF4B-00C04F79EFBC}") = "CQRS_Write_Domain", "CQRS_Write_Domain\CQRS_Write_Domain.csproj", "{2E714360-AC07-4F33-BC27-33E8AAD8AD04}"
EndProject
Project("{FAE04EC0-301F-11D3-BF4B-00C04F79EFBC}") = "CQRS_Write_Infrastructure", "CQRS_Write_Infrastructure\CQRS_Write_Infrastructure.csproj", "{2D494F16-20CE-4396-9227-07A40E23245C}"
EndProject
Project("{FAE04EC0-301F-11D3-BF4B-00C04F79EFBC}") = "CQRS_Write_Application", "CQRS_Write_Application\CQRS_Write_Application.csproj", "{AADB1407-6DF8-4486-B2AC-B4EB078646A9}"
EndProject
Global
	GlobalSection(SolutionConfigurationPlatforms) = preSolution
		Debug|Any CPU = Debug|Any CPU
		Release|Any CPU = Release|Any CPU
	EndGlobalSection
	GlobalSection(ProjectConfigurationPlatforms) = postSolution
		{6C4E4346-2FDE-4311-A583-6A1B5FBC6097}.Debug|Any CPU.ActiveCfg = Debug|Any CPU
		{6C4E4346-2FDE-4311-A583-6A1B5FBC6097}.Debug|Any CPU.Build.0 = Debug|Any CPU
		{6C4E4346-2FDE-4311-A583-6A1B5FBC6097}.Release|Any CPU.ActiveCfg = Release|Any CPU
		{6C4E4346-2FDE-4311-A583-6A1B5FBC6097}.Release|Any CPU.Build.0 = Release|Any CPU
		{C8089B7A-9274-4BE5-B19F-6984B39525C7}.Debug|Any CPU.ActiveCfg = Debug|Any CPU
		{C8089B7A-9274-4BE5-B19F-6984B39525C7}.Debug|Any CPU.Build.0 = Debug|Any CPU
		{C8089B7A-9274-4BE5-B19F-6984B39525C7}.Release|Any CPU.ActiveCfg = Release|Any CPU
		{C8089B7A-9274-4BE5-B19F-6984B39525C7}.Release|Any CPU.Build.0 = Release|Any CPU
		{FBC47B5D-E3FE-4EEC-9D4D-B061E0FFC006}.Debug|Any CPU.ActiveCfg = Debug|Any CPU
		{FBC47B5D-E3FE-4EEC-9D4D-B061E0FFC006}.Debug|Any CPU.Build.0 = Debug|Any CPU
		{FBC47B5D-E3FE-4EEC-9D4D-B061E0FFC006}.Release|Any CPU.ActiveCfg = Release|Any CPU
		{FBC47B5D-E3FE-4EEC-9D4D-B061E0FFC006}.Release|Any CPU.Build.0 = Release|Any CPU
		{2E714360-AC07-4F33-BC27-33E8AAD8AD04}.Debug|Any CPU.ActiveCfg = Debug|Any CPU
		{2E714360-AC07-4F33-BC27-33E8AAD8AD04}.Debug|Any CPU.Build.0 = Debug|Any CPU
		{2E714360-AC07-4F33-BC27-33E8AAD8AD04}.Release|Any CPU.ActiveCfg = Release|Any CPU
		{2E714360-AC07-4F33-BC27-33E8AAD8AD04}.Release|Any CPU.Build.0 = Release|Any CPU
		{2D494F16-20CE-4396-9227-07A40E23245C}.Debug|Any CPU.ActiveCfg = Debug|Any CPU
		{2D494F16-20CE-4396-9227-07A40E23245C}.Debug|Any CPU.Build.0 = Debug|Any CPU
		{2D494F16-20CE-4396-9227-07A40E23245C}.Release|Any CPU.ActiveCfg = Release|Any CPU
		{2D494F16-20CE-4396-9227-07A40E23245C}.Release|Any CPU.Build.0 = Release|Any CPU
		{AADB1407-6DF8-4486-B2AC-B4EB078646A9}.Debug|Any CPU.ActiveCfg = Debug|Any CPU
		{AADB1407-6DF8-4486-B2AC-B4EB078646A9}.Debug|Any CPU.Build.0 = Debug|Any CPU
		{AADB1407-6DF8-4486-B2AC-B4EB078646A9}.Release|Any CPU.ActiveCfg = Release|Any CPU
		{AADB1407-6DF8-4486-B2AC-B4EB078646A9}.Release|Any CPU.Build.0 = Release|Any CPU
	EndGlobalSection
	GlobalSection(SolutionProperties) = preSolution
		HideSolutionNode = FALSE
	EndGlobalSection
	GlobalSection(NestedProjects) = preSolution
		{C8089B7A-9274-4BE5-B19F-6984B39525C7} = {F5DB2911-1976-4507-B89E-CC79F9BB83E6}
		{FBC47B5D-E3FE-4EEC-9D4D-B061E0FFC006} = {F5DB2911-1976-4507-B89E-CC79F9BB83E6}
		{2E714360-AC07-4F33-BC27-33E8AAD8AD04} = {C6111912-E4C0-435F-865A-5BDF4F42B8FC}
		{2D494F16-20CE-4396-9227-07A40E23245C} = {C6111912-E4C0-435F-865A-5BDF4F42B8FC}
		{AADB1407-6DF8-4486-B2AC-B4EB078646A9} = {C6111912-E4C0-435F-865A-5BDF4F42B8FC}
	EndGlobalSection
	GlobalSection(ExtensibilityGlobals) = postSolution
		SolutionGuid = {2D17B1A9-7BC2-480A-B5AB-F01AE5871967}
	EndGlobalSection
EndGlobal
